
Microsoft Visual Studio Solution File, Format Version 12.00
Project("{FAE04EC0-301F-11D3-BF4B-00C04F79EFBC}") = "MRZCodeParser", "MRZCodeParser\MRZCodeParser.csproj", "{38650BF4-B037-4862-AC4C-6CAD41390FF1}"
EndProject
Project("{FAE04EC0-301F-11D3-BF4B-00C04F79EFBC}") = "MRZCodeParser.Tests", "MRZCodeParser.Tests\MRZCodeParser.Tests.csproj", "{394042BD-1A96-4803-A6BF-E851D5B466BC}"
EndProject
Project("{FAE04EC0-301F-11D3-BF4B-00C04F79EFBC}") = "MRZCode.Samples", "MRZCode.Samples\MRZCode.Samples.csproj", "{E42D3013-D0AE-431F-9663-F506428B9E36}"
EndProject
Project("{2150E333-8FDC-42A3-9474-1A3956D46DE8}") = "Solution Items", "Solution Items", "{BF84D596-3913-4078-8F28-151EC3E8A045}"
	ProjectSection(SolutionItems) = preProject
		README.md = README.md
	EndProjectSection
EndProject
Global
	GlobalSection(SolutionConfigurationPlatforms) = preSolution
		Debug|Any CPU = Debug|Any CPU
		Release|Any CPU = Release|Any CPU
	EndGlobalSection
	GlobalSection(ProjectConfigurationPlatforms) = postSolution
		{38650BF4-B037-4862-AC4C-6CAD41390FF1}.Debug|Any CPU.ActiveCfg = Debug|Any CPU
		{38650BF4-B037-4862-AC4C-6CAD41390FF1}.Debug|Any CPU.Build.0 = Debug|Any CPU
		{38650BF4-B037-4862-AC4C-6CAD41390FF1}.Release|Any CPU.ActiveCfg = Release|Any CPU
		{38650BF4-B037-4862-AC4C-6CAD41390FF1}.Release|Any CPU.Build.0 = Release|Any CPU
		{394042BD-1A96-4803-A6BF-E851D5B466BC}.Debug|Any CPU.ActiveCfg = Debug|Any CPU
		{394042BD-1A96-4803-A6BF-E851D5B466BC}.Debug|Any CPU.Build.0 = Debug|Any CPU
		{394042BD-1A96-4803-A6BF-E851D5B466BC}.Release|Any CPU.ActiveCfg = Release|Any CPU
		{394042BD-1A96-4803-A6BF-E851D5B466BC}.Release|Any CPU.Build.0 = Release|Any CPU
		{E42D3013-D0AE-431F-9663-F506428B9E36}.Debug|Any CPU.ActiveCfg = Debug|Any CPU
		{E42D3013-D0AE-431F-9663-F506428B9E36}.Debug|Any CPU.Build.0 = Debug|Any CPU
		{E42D3013-D0AE-431F-9663-F506428B9E36}.Release|Any CPU.ActiveCfg = Release|Any CPU
		{E42D3013-D0AE-431F-9663-F506428B9E36}.Release|Any CPU.Build.0 = Release|Any CPU
	EndGlobalSection
EndGlobal
